// !$*UTF8*$!
{
	archiveVersion = 1;
	classes = {
	};
	objectVersion = 56;
	objects = {

/* Begin PBXBuildFile section */
		1044D5402901AD3E000EA35E /* AppDelegate.swift in Sources */ = {isa = PBXBuildFile; fileRef = 1044D53F2901AD3E000EA35E /* AppDelegate.swift */; };
		1044D5422901AD3E000EA35E /* SceneDelegate.swift in Sources */ = {isa = PBXBuildFile; fileRef = 1044D5412901AD3E000EA35E /* SceneDelegate.swift */; };
		1044D5442901AD3E000EA35E /* ViewController.swift in Sources */ = {isa = PBXBuildFile; fileRef = 1044D5432901AD3E000EA35E /* ViewController.swift */; };
		1044D5472901AD3E000EA35E /* Main.storyboard in Resources */ = {isa = PBXBuildFile; fileRef = 1044D5452901AD3E000EA35E /* Main.storyboard */; };
		1044D5492901AD40000EA35E /* Assets.xcassets in Resources */ = {isa = PBXBuildFile; fileRef = 1044D5482901AD40000EA35E /* Assets.xcassets */; };
		1044D54C2901AD40000EA35E /* LaunchScreen.storyboard in Resources */ = {isa = PBXBuildFile; fileRef = 1044D54A2901AD40000EA35E /* LaunchScreen.storyboard */; };
		1044D5542901AD79000EA35E /* ReverseFunction.swift in Sources */ = {isa = PBXBuildFile; fileRef = 1044D5532901AD79000EA35E /* ReverseFunction.swift */; };
		1044D5592901B2E5000EA35E /* Roboto-Bold.ttf in Resources */ = {isa = PBXBuildFile; fileRef = 1044D5582901B2E5000EA35E /* Roboto-Bold.ttf */; };
		1044D55B2901B454000EA35E /* Roboto-Regular.ttf in Resources */ = {isa = PBXBuildFile; fileRef = 1044D55A2901B454000EA35E /* Roboto-Regular.ttf */; };
/* End PBXBuildFile section */

/* Begin PBXFileReference section */
		1044D53C2901AD3E000EA35E /* ReverseWords.app */ = {isa = PBXFileReference; explicitFileType = wrapper.application; includeInIndex = 0; path = ReverseWords.app; sourceTree = BUILT_PRODUCTS_DIR; };
		1044D53F2901AD3E000EA35E /* AppDelegate.swift */ = {isa = PBXFileReference; lastKnownFileType = sourcecode.swift; path = AppDelegate.swift; sourceTree = "<group>"; };
		1044D5412901AD3E000EA35E /* SceneDelegate.swift */ = {isa = PBXFileReference; lastKnownFileType = sourcecode.swift; path = SceneDelegate.swift; sourceTree = "<group>"; };
		1044D5432901AD3E000EA35E /* ViewController.swift */ = {isa = PBXFileReference; lastKnownFileType = sourcecode.swift; path = ViewController.swift; sourceTree = "<group>"; };
		1044D5462901AD3E000EA35E /* Base */ = {isa = PBXFileReference; lastKnownFileType = file.storyboard; name = Base; path = Base.lproj/Main.storyboard; sourceTree = "<group>"; };
		1044D5482901AD40000EA35E /* Assets.xcassets */ = {isa = PBXFileReference; lastKnownFileType = folder.assetcatalog; path = Assets.xcassets; sourceTree = "<group>"; };
		1044D54B2901AD40000EA35E /* Base */ = {isa = PBXFileReference; lastKnownFileType = file.storyboard; name = Base; path = Base.lproj/LaunchScreen.storyboard; sourceTree = "<group>"; };
		1044D54D2901AD40000EA35E /* Info.plist */ = {isa = PBXFileReference; lastKnownFileType = text.plist.xml; path = Info.plist; sourceTree = "<group>"; };
		1044D5532901AD79000EA35E /* ReverseFunction.swift */ = {isa = PBXFileReference; lastKnownFileType = sourcecode.swift; path = ReverseFunction.swift; sourceTree = "<group>"; };
		1044D5582901B2E5000EA35E /* Roboto-Bold.ttf */ = {isa = PBXFileReference; lastKnownFileType = file; path = "Roboto-Bold.ttf"; sourceTree = "<group>"; };
		1044D55A2901B454000EA35E /* Roboto-Regular.ttf */ = {isa = PBXFileReference; lastKnownFileType = file; path = "Roboto-Regular.ttf"; sourceTree = "<group>"; };
/* End PBXFileReference section */

/* Begin PBXFrameworksBuildPhase section */
		1044D5392901AD3E000EA35E /* Frameworks */ = {
			isa = PBXFrameworksBuildPhase;
			buildActionMask = 2147483647;
			files = (
			);
			runOnlyForDeploymentPostprocessing = 0;
		};
/* End PBXFrameworksBuildPhase section */

/* Begin PBXGroup section */
		1044D5332901AD3D000EA35E = {
			isa = PBXGroup;
			children = (
				1044D5532901AD79000EA35E /* ReverseFunction.swift */,
				1044D53E2901AD3E000EA35E /* ReverseWords */,
				1044D53D2901AD3E000EA35E /* Products */,
			);
			sourceTree = "<group>";
		};
		1044D53D2901AD3E000EA35E /* Products */ = {
			isa = PBXGroup;
			children = (
				1044D53C2901AD3E000EA35E /* ReverseWords.app */,
			);
			name = Products;
			sourceTree = "<group>";
		};
		1044D53E2901AD3E000EA35E /* ReverseWords */ = {
			isa = PBXGroup;
			children = (
				1044D53F2901AD3E000EA35E /* AppDelegate.swift */,
				1044D5412901AD3E000EA35E /* SceneDelegate.swift */,
				1044D5432901AD3E000EA35E /* ViewController.swift */,
				1044D5452901AD3E000EA35E /* Main.storyboard */,
				1044D5572901B05B000EA35E /* fonts */,
				1044D5482901AD40000EA35E /* Assets.xcassets */,
				1044D54A2901AD40000EA35E /* LaunchScreen.storyboard */,
				1044D54D2901AD40000EA35E /* Info.plist */,
			);
			path = ReverseWords;
			sourceTree = "<group>";
		};
		1044D5572901B05B000EA35E /* fonts */ = {
			isa = PBXGroup;
			children = (
				1044D5582901B2E5000EA35E /* Roboto-Bold.ttf */,
				1044D55A2901B454000EA35E /* Roboto-Regular.ttf */,
			);
			path = fonts;
			sourceTree = "<group>";
		};
/* End PBXGroup section */

/* Begin PBXNativeTarget section */
		1044D53B2901AD3E000EA35E /* ReverseWords */ = {
			isa = PBXNativeTarget;
			buildConfigurationList = 1044D5502901AD40000EA35E /* Build configuration list for PBXNativeTarget "ReverseWords" */;
			buildPhases = (
				1044D5382901AD3E000EA35E /* Sources */,
				1044D5392901AD3E000EA35E /* Frameworks */,
				1044D53A2901AD3E000EA35E /* Resources */,
			);
			buildRules = (
			);
			dependencies = (
			);
			name = ReverseWords;
			productName = ReverseWords;
			productReference = 1044D53C2901AD3E000EA35E /* ReverseWords.app */;
			productType = "com.apple.product-type.application";
		};
/* End PBXNativeTarget section */

/* Begin PBXProject section */
		1044D5342901AD3D000EA35E /* Project object */ = {
			isa = PBXProject;
			attributes = {
				BuildIndependentTargetsInParallel = 1;
				LastSwiftUpdateCheck = 1400;
				LastUpgradeCheck = 1400;
				TargetAttributes = {
					1044D53B2901AD3E000EA35E = {
						CreatedOnToolsVersion = 14.0.1;
					};
				};
			};
			buildConfigurationList = 1044D5372901AD3D000EA35E /* Build configuration list for PBXProject "ReverseWords" */;
			compatibilityVersion = "Xcode 14.0";
			developmentRegion = en;
			hasScannedForEncodings = 0;
			knownRegions = (
				en,
				Base,
			);
			mainGroup = 1044D5332901AD3D000EA35E;
			productRefGroup = 1044D53D2901AD3E000EA35E /* Products */;
			projectDirPath = "";
			projectRoot = "";
			targets = (
				1044D53B2901AD3E000EA35E /* ReverseWords */,
			);
		};
/* End PBXProject section */

/* Begin PBXResourcesBuildPhase section */
		1044D53A2901AD3E000EA35E /* Resources */ = {
			isa = PBXResourcesBuildPhase;
			buildActionMask = 2147483647;
			files = (
				1044D54C2901AD40000EA35E /* LaunchScreen.storyboard in Resources */,
				1044D5492901AD40000EA35E /* Assets.xcassets in Resources */,
				1044D55B2901B454000EA35E /* Roboto-Regular.ttf in Resources */,
				1044D5592901B2E5000EA35E /* Roboto-Bold.ttf in Resources */,
				1044D5472901AD3E000EA35E /* Main.storyboard in Resources */,
			);
			runOnlyForDeploymentPostprocessing = 0;
		};
/* End PBXResourcesBuildPhase section */

/* Begin PBXSourcesBuildPhase section */
		1044D5382901AD3E000EA35E /* Sources */ = {
			isa = PBXSourcesBuildPhase;
			buildActionMask = 2147483647;
			files = (
				1044D5442901AD3E000EA35E /* ViewController.swift in Sources */,
				1044D5402901AD3E000EA35E /* AppDelegate.swift in Sources */,
				1044D5542901AD79000EA35E /* ReverseFunction.swift in Sources */,
				1044D5422901AD3E000EA35E /* SceneDelegate.swift in Sources */,
			);
			runOnlyForDeploymentPostprocessing = 0;
		};
/* End PBXSourcesBuildPhase section */

/* Begin PBXVariantGroup section */
		1044D5452901AD3E000EA35E /* Main.storyboard */ = {
			isa = PBXVariantGroup;
			children = (
				1044D5462901AD3E000EA35E /* Base */,
			);
			name = Main.storyboard;
			sourceTree = "<group>";
		};
		1044D54A2901AD40000EA35E /* LaunchScreen.storyboard */ = {
			isa = PBXVariantGroup;
			children = (
				1044D54B2901AD40000EA35E /* Base */,
			);
			name = LaunchScreen.storyboard;
			sourceTree = "<group>";
		};
/* End PBXVariantGroup section */

/* Begin XCBuildConfiguration section */
		1044D54E2901AD40000EA35E /* Debug */ = {
			isa = XCBuildConfiguration;
			buildSettings = {
				ALWAYS_SEARCH_USER_PATHS = NO;
				CLANG_ANALYZER_NONNULL = YES;
				CLANG_ANALYZER_NUMBER_OBJECT_CONVERSION = YES_AGGRESSIVE;
				CLANG_CXX_LANGUAGE_STANDARD = "gnu++20";
				CLANG_ENABLE_MODULES = YES;
				CLANG_ENABLE_OBJC_ARC = YES;
				CLANG_ENABLE_OBJC_WEAK = YES;
				CLANG_WARN_BLOCK_CAPTURE_AUTORELEASING = YES;
				CLANG_WARN_BOOL_CONVERSION = YES;
				CLANG_WARN_COMMA = YES;
				CLANG_WARN_CONSTANT_CONVERSION = YES;
				CLANG_WARN_DEPRECATED_OBJC_IMPLEMENTATIONS = YES;
				CLANG_WARN_DIRECT_OBJC_ISA_USAGE = YES_ERROR;
				CLANG_WARN_DOCUMENTATION_COMMENTS = YES;
				CLANG_WARN_EMPTY_BODY = YES;
				CLANG_WARN_ENUM_CONVERSION = YES;
				CLANG_WARN_INFINITE_RECURSION = YES;
				CLANG_WARN_INT_CONVERSION = YES;
				CLANG_WARN_NON_LITERAL_NULL_CONVERSION = YES;
				CLANG_WARN_OBJC_IMPLICIT_RETAIN_SELF = YES;
				CLANG_WARN_OBJC_LITERAL_CONVERSION = YES;
				CLANG_WARN_OBJC_ROOT_CLASS = YES_ERROR;
				CLANG_WARN_QUOTED_INCLUDE_IN_FRAMEWORK_HEADER = YES;
				CLANG_WARN_RANGE_LOOP_ANALYSIS = YES;
				CLANG_WARN_STRICT_PROTOTYPES = YES;
				CLANG_WARN_SUSPICIOUS_MOVE = YES;
				CLANG_WARN_UNGUARDED_AVAILABILITY = YES_AGGRESSIVE;
				CLANG_WARN_UNREACHABLE_CODE = YES;
				CLANG_WARN__DUPLICATE_METHOD_MATCH = YES;
				COPY_PHASE_STRIP = NO;
				DEBUG_INFORMATION_FORMAT = dwarf;
				ENABLE_STRICT_OBJC_MSGSEND = YES;
				ENABLE_TESTABILITY = YES;
				GCC_C_LANGUAGE_STANDARD = gnu11;
				GCC_DYNAMIC_NO_PIC = NO;
				GCC_NO_COMMON_BLOCKS = YES;
				GCC_OPTIMIZATION_LEVEL = 0;
				GCC_PREPROCESSOR_DEFINITIONS = (
					"DEBUG=1",
					"$(inherited)",
				);
				GCC_WARN_64_TO_32_BIT_CONVERSION = YES;
				GCC_WARN_ABOUT_RETURN_TYPE = YES_ERROR;
				GCC_WARN_UNDECLARED_SELECTOR = YES;
				GCC_WARN_UNINITIALIZED_AUTOS = YES_AGGRESSIVE;
				GCC_WARN_UNUSED_FUNCTION = YES;
				GCC_WARN_UNUSED_VARIABLE = YES;
				IPHONEOS_DEPLOYMENT_TARGET = 16.0;
				MTL_ENABLE_DEBUG_INFO = INCLUDE_SOURCE;
				MTL_FAST_MATH = YES;
				ONLY_ACTIVE_ARCH = YES;
				SDKROOT = iphoneos;
				SWIFT_ACTIVE_COMPILATION_CONDITIONS = DEBUG;
				SWIFT_OPTIMIZATION_LEVEL = "-Onone";
			};
			name = Debug;
		};
		1044D54F2901AD40000EA35E /* Release */ = {
			isa = XCBuildConfiguration;
			buildSettings = {
				ALWAYS_SEARCH_USER_PATHS = NO;
				CLANG_ANALYZER_NONNULL = YES;
				CLANG_ANALYZER_NUMBER_OBJECT_CONVERSION = YES_AGGRESSIVE;
				CLANG_CXX_LANGUAGE_STANDARD = "gnu++20";
				CLANG_ENABLE_MODULES = YES;
				CLANG_ENABLE_OBJC_ARC = YES;
				CLANG_ENABLE_OBJC_WEAK = YES;
				CLANG_WARN_BLOCK_CAPTURE_AUTORELEASING = YES;
				CLANG_WARN_BOOL_CONVERSION = YES;
				CLANG_WARN_COMMA = YES;
				CLANG_WARN_CONSTANT_CONVERSION = YES;
				CLANG_WARN_DEPRECATED_OBJC_IMPLEMENTATIONS = YES;
				CLANG_WARN_DIRECT_OBJC_ISA_USAGE = YES_ERROR;
				CLANG_WARN_DOCUMENTATION_COMMENTS = YES;
				CLANG_WARN_EMPTY_BODY = YES;
				CLANG_WARN_ENUM_CONVERSION = YES;
				CLANG_WARN_INFINITE_RECURSION = YES;
				CLANG_WARN_INT_CONVERSION = YES;
				CLANG_WARN_NON_LITERAL_NULL_CONVERSION = YES;
				CLANG_WARN_OBJC_IMPLICIT_RETAIN_SELF = YES;
				CLANG_WARN_OBJC_LITERAL_CONVERSION = YES;
				CLANG_WARN_OBJC_ROOT_CLASS = YES_ERROR;
				CLANG_WARN_QUOTED_INCLUDE_IN_FRAMEWORK_HEADER = YES;
				CLANG_WARN_RANGE_LOOP_ANALYSIS = YES;
				CLANG_WARN_STRICT_PROTOTYPES = YES;
				CLANG_WARN_SUSPICIOUS_MOVE = YES;
				CLANG_WARN_UNGUARDED_AVAILABILITY = YES_AGGRESSIVE;
				CLANG_WARN_UNREACHABLE_CODE = YES;
				CLANG_WARN__DUPLICATE_METHOD_MATCH = YES;
				COPY_PHASE_STRIP = NO;
				DEBUG_INFORMATION_FORMAT = "dwarf-with-dsym";
				ENABLE_NS_ASSERTIONS = NO;
				ENABLE_STRICT_OBJC_MSGSEND = YES;
				GCC_C_LANGUAGE_STANDARD = gnu11;
				GCC_NO_COMMON_BLOCKS = YES;
				GCC_WARN_64_TO_32_BIT_CONVERSION = YES;
				GCC_WARN_ABOUT_RETURN_TYPE = YES_ERROR;
				GCC_WARN_UNDECLARED_SELECTOR = YES;
				GCC_WARN_UNINITIALIZED_AUTOS = YES_AGGRESSIVE;
				GCC_WARN_UNUSED_FUNCTION = YES;
				GCC_WARN_UNUSED_VARIABLE = YES;
				IPHONEOS_DEPLOYMENT_TARGET = 16.0;
				MTL_ENABLE_DEBUG_INFO = NO;
				MTL_FAST_MATH = YES;
				SDKROOT = iphoneos;
				SWIFT_COMPILATION_MODE = wholemodule;
				SWIFT_OPTIMIZATION_LEVEL = "-O";
				VALIDATE_PRODUCT = YES;
			};
			name = Release;
		};
		1044D5512901AD40000EA35E /* Debug */ = {
			isa = XCBuildConfiguration;
			buildSettings = {
				ASSETCATALOG_COMPILER_APPICON_NAME = AppIcon;
				ASSETCATALOG_COMPILER_GLOBAL_ACCENT_COLOR_NAME = AccentColor;
				CODE_SIGN_STYLE = Automatic;
				CURRENT_PROJECT_VERSION = 1;
				GENERATE_INFOPLIST_FILE = YES;
				INFOPLIST_FILE = ReverseWords/Info.plist;
				INFOPLIST_KEY_UIApplicationSupportsIndirectInputEvents = YES;
				INFOPLIST_KEY_UILaunchStoryboardName = LaunchScreen;
				INFOPLIST_KEY_UIMainStoryboardFile = Main;
				INFOPLIST_KEY_UISupportedInterfaceOrientations_iPad = "UIInterfaceOrientationPortrait UIInterfaceOrientationPortraitUpsideDown UIInterfaceOrientationLandscapeLeft UIInterfaceOrientationLandscapeRight";
				INFOPLIST_KEY_UISupportedInterfaceOrientations_iPhone = "UIInterfaceOrientationPortrait UIInterfaceOrientationLandscapeLeft UIInterfaceOrientationLandscapeRight";
				LD_RUNPATH_SEARCH_PATHS = (
					"$(inherited)",
					"@executable_path/Frameworks",
				);
				MARKETING_VERSION = 1.0;
				PRODUCT_BUNDLE_IDENTIFIER = "kateryna-tokarieva.ReverseWords";
				PRODUCT_NAME = "$(TARGET_NAME)";
				SWIFT_EMIT_LOC_STRINGS = YES;
				SWIFT_VERSION = 5.0;
				TARGETED_DEVICE_FAMILY = "1,2";
			};
			name = Debug;
		};
		1044D5522901AD40000EA35E /* Release */ = {
			isa = XCBuildConfiguration;
			buildSettings = {
				ASSETCATALOG_COMPILER_APPICON_NAME = AppIcon;
				ASSETCATALOG_COMPILER_GLOBAL_ACCENT_COLOR_NAME = AccentColor;
				CODE_SIGN_STYLE = Automatic;
				CURRENT_PROJECT_VERSION = 1;
				GENERATE_INFOPLIST_FILE = YES;
				INFOPLIST_FILE = ReverseWords/Info.plist;
				INFOPLIST_KEY_UIApplicationSupportsIndirectInputEvents = YES;
				INFOPLIST_KEY_UILaunchStoryboardName = LaunchScreen;
				INFOPLIST_KEY_UIMainStoryboardFile = Main;
				INFOPLIST_KEY_UISupportedInterfaceOrientations_iPad = "UIInterfaceOrientationPortrait UIInterfaceOrientationPortraitUpsideDown UIInterfaceOrientationLandscapeLeft UIInterfaceOrientationLandscapeRight";
				INFOPLIST_KEY_UISupportedInterfaceOrientations_iPhone = "UIInterfaceOrientationPortrait UIInterfaceOrientationLandscapeLeft UIInterfaceOrientationLandscapeRight";
				LD_RUNPATH_SEARCH_PATHS = (
					"$(inherited)",
					"@executable_path/Frameworks",
				);
				MARKETING_VERSION = 1.0;
				PRODUCT_BUNDLE_IDENTIFIER = "kateryna-tokarieva.ReverseWords";
				PRODUCT_NAME = "$(TARGET_NAME)";
				SWIFT_EMIT_LOC_STRINGS = YES;
				SWIFT_VERSION = 5.0;
				TARGETED_DEVICE_FAMILY = "1,2";
			};
			name = Release;
		};
/* End XCBuildConfiguration section */

/* Begin XCConfigurationList section */
		1044D5372901AD3D000EA35E /* Build configuration list for PBXProject "ReverseWords" */ = {
			isa = XCConfigurationList;
			buildConfigurations = (
				1044D54E2901AD40000EA35E /* Debug */,
				1044D54F2901AD40000EA35E /* Release */,
			);
			defaultConfigurationIsVisible = 0;
			defaultConfigurationName = Release;
		};
		1044D5502901AD40000EA35E /* Build configuration list for PBXNativeTarget "ReverseWords" */ = {
			isa = XCConfigurationList;
			buildConfigurations = (
				1044D5512901AD40000EA35E /* Debug */,
				1044D5522901AD40000EA35E /* Release */,
			);
			defaultConfigurationIsVisible = 0;
			defaultConfigurationName = Release;
		};
/* End XCConfigurationList section */
	};
	rootObject = 1044D5342901AD3D000EA35E /* Project object */;
}
